// !$*UTF8*$!
{
	archiveVersion = 1;
	classes = {
	};
	objectVersion = 46;
	objects = {

/* Begin PBXBuildFile section */
		89DA16431C62625300133953 /* main.m in Sources */ = {isa = PBXBuildFile; fileRef = 89DA16421C62625300133953 /* main.m */; };
		89DA16461C62625300133953 /* AppDelegate.m in Sources */ = {isa = PBXBuildFile; fileRef = 89DA16451C62625300133953 /* AppDelegate.m */; };
		89DA16491C62625300133953 /* Every_Do_It_Again.xcdatamodeld in Sources */ = {isa = PBXBuildFile; fileRef = 89DA16471C62625300133953 /* Every_Do_It_Again.xcdatamodeld */; };
		89DA164C1C62625300133953 /* MasterViewController.m in Sources */ = {isa = PBXBuildFile; fileRef = 89DA164B1C62625300133953 /* MasterViewController.m */; };
		89DA164F1C62625300133953 /* DetailViewController.m in Sources */ = {isa = PBXBuildFile; fileRef = 89DA164E1C62625300133953 /* DetailViewController.m */; };
		89DA16521C62625300133953 /* Main.storyboard in Resources */ = {isa = PBXBuildFile; fileRef = 89DA16501C62625300133953 /* Main.storyboard */; };
		89DA16541C62625300133953 /* Assets.xcassets in Resources */ = {isa = PBXBuildFile; fileRef = 89DA16531C62625300133953 /* Assets.xcassets */; };
		89DA16571C62625300133953 /* LaunchScreen.storyboard in Resources */ = {isa = PBXBuildFile; fileRef = 89DA16551C62625300133953 /* LaunchScreen.storyboard */; };
		89DA16621C626E1900133953 /* ToDo+CoreDataProperties.m in Sources */ = {isa = PBXBuildFile; fileRef = 89DA165F1C626E1900133953 /* ToDo+CoreDataProperties.m */; };
		89DA16631C626E1900133953 /* ToDo.m in Sources */ = {isa = PBXBuildFile; fileRef = 89DA16611C626E1900133953 /* ToDo.m */; };
		89DA16661C628DD700133953 /* AddNewViewController.m in Sources */ = {isa = PBXBuildFile; fileRef = 89DA16651C628DD700133953 /* AddNewViewController.m */; };
		89DA16691C62A7DF00133953 /* ToDoCell.m in Sources */ = {isa = PBXBuildFile; fileRef = 89DA16681C62A7DF00133953 /* ToDoCell.m */; };
/* End PBXBuildFile section */

/* Begin PBXFileReference section */
		89DA163E1C62625300133953 /* Every Do It Again.app */ = {isa = PBXFileReference; explicitFileType = wrapper.application; includeInIndex = 0; path = "Every Do It Again.app"; sourceTree = BUILT_PRODUCTS_DIR; };
		89DA16421C62625300133953 /* main.m */ = {isa = PBXFileReference; lastKnownFileType = sourcecode.c.objc; path = main.m; sourceTree = "<group>"; };
		89DA16441C62625300133953 /* AppDelegate.h */ = {isa = PBXFileReference; lastKnownFileType = sourcecode.c.h; path = AppDelegate.h; sourceTree = "<group>"; };
		89DA16451C62625300133953 /* AppDelegate.m */ = {isa = PBXFileReference; lastKnownFileType = sourcecode.c.objc; path = AppDelegate.m; sourceTree = "<group>"; };
		89DA16481C62625300133953 /* Every_Do_It_Again.xcdatamodel */ = {isa = PBXFileReference; lastKnownFileType = wrapper.xcdatamodel; path = Every_Do_It_Again.xcdatamodel; sourceTree = "<group>"; };
		89DA164A1C62625300133953 /* MasterViewController.h */ = {isa = PBXFileReference; lastKnownFileType = sourcecode.c.h; path = MasterViewController.h; sourceTree = "<group>"; };
		89DA164B1C62625300133953 /* MasterViewController.m */ = {isa = PBXFileReference; lastKnownFileType = sourcecode.c.objc; path = MasterViewController.m; sourceTree = "<group>"; };
		89DA164D1C62625300133953 /* DetailViewController.h */ = {isa = PBXFileReference; lastKnownFileType = sourcecode.c.h; path = DetailViewController.h; sourceTree = "<group>"; };
		89DA164E1C62625300133953 /* DetailViewController.m */ = {isa = PBXFileReference; lastKnownFileType = sourcecode.c.objc; path = DetailViewController.m; sourceTree = "<group>"; };
		89DA16511C62625300133953 /* Base */ = {isa = PBXFileReference; lastKnownFileType = file.storyboard; name = Base; path = Base.lproj/Main.storyboard; sourceTree = "<group>"; };
		89DA16531C62625300133953 /* Assets.xcassets */ = {isa = PBXFileReference; lastKnownFileType = folder.assetcatalog; path = Assets.xcassets; sourceTree = "<group>"; };
		89DA16561C62625300133953 /* Base */ = {isa = PBXFileReference; lastKnownFileType = file.storyboard; name = Base; path = Base.lproj/LaunchScreen.storyboard; sourceTree = "<group>"; };
		89DA16581C62625300133953 /* Info.plist */ = {isa = PBXFileReference; lastKnownFileType = text.plist.xml; path = Info.plist; sourceTree = "<group>"; };
		89DA165E1C626E1900133953 /* ToDo+CoreDataProperties.h */ = {isa = PBXFileReference; fileEncoding = 4; lastKnownFileType = sourcecode.c.h; path = "ToDo+CoreDataProperties.h"; sourceTree = "<group>"; };
		89DA165F1C626E1900133953 /* ToDo+CoreDataProperties.m */ = {isa = PBXFileReference; fileEncoding = 4; lastKnownFileType = sourcecode.c.objc; path = "ToDo+CoreDataProperties.m"; sourceTree = "<group>"; };
		89DA16601C626E1900133953 /* ToDo.h */ = {isa = PBXFileReference; fileEncoding = 4; lastKnownFileType = sourcecode.c.h; path = ToDo.h; sourceTree = "<group>"; };
		89DA16611C626E1900133953 /* ToDo.m */ = {isa = PBXFileReference; fileEncoding = 4; lastKnownFileType = sourcecode.c.objc; path = ToDo.m; sourceTree = "<group>"; };
		89DA16641C628DD700133953 /* AddNewViewController.h */ = {isa = PBXFileReference; fileEncoding = 4; lastKnownFileType = sourcecode.c.h; path = AddNewViewController.h; sourceTree = "<group>"; };
		89DA16651C628DD700133953 /* AddNewViewController.m */ = {isa = PBXFileReference; fileEncoding = 4; lastKnownFileType = sourcecode.c.objc; path = AddNewViewController.m; sourceTree = "<group>"; };
		89DA16671C62A7DF00133953 /* ToDoCell.h */ = {isa = PBXFileReference; fileEncoding = 4; lastKnownFileType = sourcecode.c.h; path = ToDoCell.h; sourceTree = "<group>"; };
		89DA16681C62A7DF00133953 /* ToDoCell.m */ = {isa = PBXFileReference; fileEncoding = 4; lastKnownFileType = sourcecode.c.objc; path = ToDoCell.m; sourceTree = "<group>"; };
/* End PBXFileReference section */

/* Begin PBXFrameworksBuildPhase section */
		89DA163B1C62625300133953 /* Frameworks */ = {
			isa = PBXFrameworksBuildPhase;
			buildActionMask = 2147483647;
			files = (
			);
			runOnlyForDeploymentPostprocessing = 0;
		};
/* End PBXFrameworksBuildPhase section */

/* Begin PBXGroup section */
		89DA16351C62625300133953 = {
			isa = PBXGroup;
			children = (
				89DA16401C62625300133953 /* Every Do It Again */,
				89DA163F1C62625300133953 /* Products */,
			);
			sourceTree = "<group>";
		};
		89DA163F1C62625300133953 /* Products */ = {
			isa = PBXGroup;
			children = (
				89DA163E1C62625300133953 /* Every Do It Again.app */,
			);
			name = Products;
			sourceTree = "<group>";
		};
		89DA16401C62625300133953 /* Every Do It Again */ = {
			isa = PBXGroup;
			children = (
				89DA16441C62625300133953 /* AppDelegate.h */,
				89DA16451C62625300133953 /* AppDelegate.m */,
				89DA164A1C62625300133953 /* MasterViewController.h */,
				89DA164B1C62625300133953 /* MasterViewController.m */,
				89DA164D1C62625300133953 /* DetailViewController.h */,
				89DA164E1C62625300133953 /* DetailViewController.m */,
				89DA16641C628DD700133953 /* AddNewViewController.h */,
				89DA16651C628DD700133953 /* AddNewViewController.m */,
				89DA16501C62625300133953 /* Main.storyboard */,
				89DA16671C62A7DF00133953 /* ToDoCell.h */,
				89DA16681C62A7DF00133953 /* ToDoCell.m */,
				89DA16531C62625300133953 /* Assets.xcassets */,
				89DA16551C62625300133953 /* LaunchScreen.storyboard */,
				89DA16581C62625300133953 /* Info.plist */,
				89DA16471C62625300133953 /* Every_Do_It_Again.xcdatamodeld */,
				89DA165E1C626E1900133953 /* ToDo+CoreDataProperties.h */,
				89DA165F1C626E1900133953 /* ToDo+CoreDataProperties.m */,
				89DA16601C626E1900133953 /* ToDo.h */,
				89DA16611C626E1900133953 /* ToDo.m */,
				89DA16411C62625300133953 /* Supporting Files */,
			);
			path = "Every Do It Again";
			sourceTree = "<group>";
		};
		89DA16411C62625300133953 /* Supporting Files */ = {
			isa = PBXGroup;
			children = (
				89DA16421C62625300133953 /* main.m */,
			);
			name = "Supporting Files";
			sourceTree = "<group>";
		};
/* End PBXGroup section */

/* Begin PBXNativeTarget section */
		89DA163D1C62625300133953 /* Every Do It Again */ = {
			isa = PBXNativeTarget;
			buildConfigurationList = 89DA165B1C62625300133953 /* Build configuration list for PBXNativeTarget "Every Do It Again" */;
			buildPhases = (
				89DA163A1C62625300133953 /* Sources */,
				89DA163B1C62625300133953 /* Frameworks */,
				89DA163C1C62625300133953 /* Resources */,
			);
			buildRules = (
			);
			dependencies = (
			);
			name = "Every Do It Again";
			productName = "Every Do It Again";
			productReference = 89DA163E1C62625300133953 /* Every Do It Again.app */;
			productType = "com.apple.product-type.application";
		};
/* End PBXNativeTarget section */

/* Begin PBXProject section */
		89DA16361C62625300133953 /* Project object */ = {
			isa = PBXProject;
			attributes = {
				LastUpgradeCheck = 0720;
				ORGANIZATIONNAME = "Chloe Horgan";
				TargetAttributes = {
					89DA163D1C62625300133953 = {
						CreatedOnToolsVersion = 7.2;
						DevelopmentTeam = E6AQH2F3ME;
					};
				};
			};
			buildConfigurationList = 89DA16391C62625300133953 /* Build configuration list for PBXProject "Every Do It Again" */;
			compatibilityVersion = "Xcode 3.2";
			developmentRegion = English;
			hasScannedForEncodings = 0;
			knownRegions = (
				en,
				Base,
			);
			mainGroup = 89DA16351C62625300133953;
			productRefGroup = 89DA163F1C62625300133953 /* Products */;
			projectDirPath = "";
			projectRoot = "";
			targets = (
				89DA163D1C62625300133953 /* Every Do It Again */,
			);
		};
/* End PBXProject section */

/* Begin PBXResourcesBuildPhase section */
		89DA163C1C62625300133953 /* Resources */ = {
			isa = PBXResourcesBuildPhase;
			buildActionMask = 2147483647;
			files = (
				89DA16571C62625300133953 /* LaunchScreen.storyboard in Resources */,
				89DA16541C62625300133953 /* Assets.xcassets in Resources */,
				89DA16521C62625300133953 /* Main.storyboard in Resources */,
			);
			runOnlyForDeploymentPostprocessing = 0;
		};
/* End PBXResourcesBuildPhase section */

/* Begin PBXSourcesBuildPhase section */
		89DA163A1C62625300133953 /* Sources */ = {
			isa = PBXSourcesBuildPhase;
			buildActionMask = 2147483647;
			files = (
				89DA16631C626E1900133953 /* ToDo.m in Sources */,
				89DA164F1C62625300133953 /* DetailViewController.m in Sources */,
				89DA164C1C62625300133953 /* MasterViewController.m in Sources */,
				89DA16661C628DD700133953 /* AddNewViewController.m in Sources */,
				89DA16461C62625300133953 /* AppDelegate.m in Sources */,
				89DA16621C626E1900133953 /* ToDo+CoreDataProperties.m in Sources */,
				89DA16491C62625300133953 /* Every_Do_It_Again.xcdatamodeld in Sources */,
				89DA16431C62625300133953 /* main.m in Sources */,
				89DA16691C62A7DF00133953 /* ToDoCell.m in Sources */,
			);
			runOnlyForDeploymentPostprocessing = 0;
		};
/* End PBXSourcesBuildPhase section */

/* Begin PBXVariantGroup section */
		89DA16501C62625300133953 /* Main.storyboard */ = {
			isa = PBXVariantGroup;
			children = (
				89DA16511C62625300133953 /* Base */,
			);
			name = Main.storyboard;
			sourceTree = "<group>";
		};
		89DA16551C62625300133953 /* LaunchScreen.storyboard */ = {
			isa = PBXVariantGroup;
			children = (
				89DA16561C62625300133953 /* Base */,
			);
			name = LaunchScreen.storyboard;
			sourceTree = "<group>";
		};
/* End PBXVariantGroup section */

/* Begin XCBuildConfiguration section */
		89DA16591C62625300133953 /* Debug */ = {
			isa = XCBuildConfiguration;
			buildSettings = {
				ALWAYS_SEARCH_USER_PATHS = NO;
				CLANG_CXX_LANGUAGE_STANDARD = "gnu++0x";
				CLANG_CXX_LIBRARY = "libc++";
				CLANG_ENABLE_MODULES = YES;
				CLANG_ENABLE_OBJC_ARC = YES;
				CLANG_WARN_BOOL_CONVERSION = YES;
				CLANG_WARN_CONSTANT_CONVERSION = YES;
				CLANG_WARN_DIRECT_OBJC_ISA_USAGE = YES_ERROR;
				CLANG_WARN_EMPTY_BODY = YES;
				CLANG_WARN_ENUM_CONVERSION = YES;
				CLANG_WARN_INT_CONVERSION = YES;
				CLANG_WARN_OBJC_ROOT_CLASS = YES_ERROR;
				CLANG_WARN_UNREACHABLE_CODE = YES;
				CLANG_WARN__DUPLICATE_METHOD_MATCH = YES;
				"CODE_SIGN_IDENTITY[sdk=iphoneos*]" = "iPhone Developer";
				COPY_PHASE_STRIP = NO;
				DEBUG_INFORMATION_FORMAT = dwarf;
				ENABLE_STRICT_OBJC_MSGSEND = YES;
				ENABLE_TESTABILITY = YES;
				GCC_C_LANGUAGE_STANDARD = gnu99;
				GCC_DYNAMIC_NO_PIC = NO;
				GCC_NO_COMMON_BLOCKS = YES;
				GCC_OPTIMIZATION_LEVEL = 0;
				GCC_PREPROCESSOR_DEFINITIONS = (
					"DEBUG=1",
					"$(inherited)",
				);
				GCC_WARN_64_TO_32_BIT_CONVERSION = YES;
				GCC_WARN_ABOUT_RETURN_TYPE = YES_ERROR;
				GCC_WARN_UNDECLARED_SELECTOR = YES;
				GCC_WARN_UNINITIALIZED_AUTOS = YES_AGGRESSIVE;
				GCC_WARN_UNUSED_FUNCTION = YES;
				GCC_WARN_UNUSED_VARIABLE = YES;
				IPHONEOS_DEPLOYMENT_TARGET = 9.2;
				MTL_ENABLE_DEBUG_INFO = YES;
				ONLY_ACTIVE_ARCH = YES;
				SDKROOT = iphoneos;
			};
			name = Debug;
		};
		89DA165A1C62625300133953 /* Release */ = {
			isa = XCBuildConfiguration;
			buildSettings = {
				ALWAYS_SEARCH_USER_PATHS = NO;
				CLANG_CXX_LANGUAGE_STANDARD = "gnu++0x";
				CLANG_CXX_LIBRARY = "libc++";
				CLANG_ENABLE_MODULES = YES;
				CLANG_ENABLE_OBJC_ARC = YES;
				CLANG_WARN_BOOL_CONVERSION = YES;
				CLANG_WARN_CONSTANT_CONVERSION = YES;
				CLANG_WARN_DIRECT_OBJC_ISA_USAGE = YES_ERROR;
				CLANG_WARN_EMPTY_BODY = YES;
				CLANG_WARN_ENUM_CONVERSION = YES;
				CLANG_WARN_INT_CONVERSION = YES;
				CLANG_WARN_OBJC_ROOT_CLASS = YES_ERROR;
				CLANG_WARN_UNREACHABLE_CODE = YES;
				CLANG_WARN__DUPLICATE_METHOD_MATCH = YES;
				"CODE_SIGN_IDENTITY[sdk=iphoneos*]" = "iPhone Developer";
				COPY_PHASE_STRIP = NO;
				DEBUG_INFORMATION_FORMAT = "dwarf-with-dsym";
				ENABLE_NS_ASSERTIONS = NO;
				ENABLE_STRICT_OBJC_MSGSEND = YES;
				GCC_C_LANGUAGE_STANDARD = gnu99;
				GCC_NO_COMMON_BLOCKS = YES;
				GCC_WARN_64_TO_32_BIT_CONVERSION = YES;
				GCC_WARN_ABOUT_RETURN_TYPE = YES_ERROR;
				GCC_WARN_UNDECLARED_SELECTOR = YES;
				GCC_WARN_UNINITIALIZED_AUTOS = YES_AGGRESSIVE;
				GCC_WARN_UNUSED_FUNCTION = YES;
				GCC_WARN_UNUSED_VARIABLE = YES;
				IPHONEOS_DEPLOYMENT_TARGET = 9.2;
				MTL_ENABLE_DEBUG_INFO = NO;
				SDKROOT = iphoneos;
				VALIDATE_PRODUCT = YES;
			};
			name = Release;
		};
		89DA165C1C62625300133953 /* Debug */ = {
			isa = XCBuildConfiguration;
			buildSettings = {
				ASSETCATALOG_COMPILER_APPICON_NAME = AppIcon;
				INFOPLIST_FILE = "Every Do It Again/Info.plist";
				LD_RUNPATH_SEARCH_PATHS = "$(inherited) @executable_path/Frameworks";
				PRODUCT_BUNDLE_IDENTIFIER = "com.chloehorgan.Every-Do-It-Again";
				PRODUCT_NAME = "$(TARGET_NAME)";
			};
			name = Debug;
		};
		89DA165D1C62625300133953 /* Release */ = {
			isa = XCBuildConfiguration;
			buildSettings = {
				ASSETCATALOG_COMPILER_APPICON_NAME = AppIcon;
				INFOPLIST_FILE = "Every Do It Again/Info.plist";
				LD_RUNPATH_SEARCH_PATHS = "$(inherited) @executable_path/Frameworks";
				PRODUCT_BUNDLE_IDENTIFIER = "com.chloehorgan.Every-Do-It-Again";
				PRODUCT_NAME = "$(TARGET_NAME)";
			};
			name = Release;
		};
/* End XCBuildConfiguration section */

/* Begin XCConfigurationList section */
		89DA16391C62625300133953 /* Build configuration list for PBXProject "Every Do It Again" */ = {
			isa = XCConfigurationList;
			buildConfigurations = (
				89DA16591C62625300133953 /* Debug */,
				89DA165A1C62625300133953 /* Release */,
			);
			defaultConfigurationIsVisible = 0;
			defaultConfigurationName = Release;
		};
		89DA165B1C62625300133953 /* Build configuration list for PBXNativeTarget "Every Do It Again" */ = {
			isa = XCConfigurationList;
			buildConfigurations = (
				89DA165C1C62625300133953 /* Debug */,
				89DA165D1C62625300133953 /* Release */,
			);
			defaultConfigurationIsVisible = 0;
			defaultConfigurationName = Release;
		};
/* End XCConfigurationList section */

/* Begin XCVersionGroup section */
		89DA16471C62625300133953 /* Every_Do_It_Again.xcdatamodeld */ = {
			isa = XCVersionGroup;
			children = (
				89DA16481C62625300133953 /* Every_Do_It_Again.xcdatamodel */,
			);
			currentVersion = 89DA16481C62625300133953 /* Every_Do_It_Again.xcdatamodel */;
			path = Every_Do_It_Again.xcdatamodeld;
			sourceTree = "<group>";
			versionGroupType = wrapper.xcdatamodel;
		};
/* End XCVersionGroup section */
	};
	rootObject = 89DA16361C62625300133953 /* Project object */;
}
